{"1.1.0",
[{<<"bear">>,{pkg,<<"bear">>,<<"0.8.5">>},2},
 {<<"exometer_core">>,
  {git,"https://github.com/esl/exometer_core.git",
       {ref,"de97a458653b6d5fa424b843e76832f61ad46672"}},
  0},
 {<<"exometer_report_graphite">>,
  {git,"https://github.com/esl/exometer_report_graphite.git",
       {ref,"264dd7bcbadbd7febcd43917302251286c88b681"}},
  0},
 {<<"folsom">>,{pkg,<<"folsom">>,<<"0.8.5">>},1},
 {<<"goldrush">>,{pkg,<<"goldrush">>,<<"0.1.9">>},1},
 {<<"hut">>,{pkg,<<"hut">>,<<"1.2.0">>},1},
 {<<"lager">>,{pkg,<<"lager">>,<<"3.6.8">>},0},
 {<<"parse_trans">>,{pkg,<<"parse_trans">>,<<"3.1.0">>},1}]}.
[
{pkg_hash,[
 {<<"bear">>, <<"E95FCA1627CD9E15BAF93CE0A52AFF16917BAF325F0EE65B88CD715376CD2344">>},
 {<<"folsom">>, <<"94A027B56FE84FEED264F9B33CB4C6AC9A801FAD84B87DBDA0836CE83C3B8D69">>},
 {<<"goldrush">>, <<"F06E5D5F1277DA5C413E84D5A2924174182FB108DABB39D5EC548B27424CD106">>},
 {<<"hut">>, <<"0089DF0FAA2827C605BBADA88153F24FFF5EA7A4BE32ECF0250A7FDC2719CAFB">>},
 {<<"lager">>, <<"897EFC7679BB82383448646C96768CDC4E747464DD18B999C7AACA485686B0DA">>},
 {<<"parse_trans">>, <<"1BAD3B959941CC53FFD6F4769A5D2666F9CDF179B2D62826636497D3FBAD9EC0">>}]}
].
